
Microsoft Visual Studio Solution File, Format Version 12.00
# Visual Studio Version 17
VisualStudioVersion = 17.2.32526.322
MinimumVisualStudioVersion = 10.0.40219.1
Project("{FAE04EC0-301F-11D3-BF4B-00C04F79EFBC}") = "RentalCar", "RentalCar\RentalCar.csproj", "{916AF1B0-F83A-44EE-AEA6-340A4EE5A227}"
EndProject
Global
	GlobalSection(SolutionConfigurationPlatforms) = preSolution
		Debug|Any CPU = Debug|Any CPU
		Release|Any CPU = Release|Any CPU
	EndGlobalSection
	GlobalSection(ProjectConfigurationPlatforms) = postSolution
		{916AF1B0-F83A-44EE-AEA6-340A4EE5A227}.Debug|Any CPU.ActiveCfg = Debug|Any CPU
		{916AF1B0-F83A-44EE-AEA6-340A4EE5A227}.Debug|Any CPU.Build.0 = Debug|Any CPU
		{916AF1B0-F83A-44EE-AEA6-340A4EE5A227}.Release|Any CPU.ActiveCfg = Release|Any CPU
		{916AF1B0-F83A-44EE-AEA6-340A4EE5A227}.Release|Any CPU.Build.0 = Release|Any CPU
	EndGlobalSection
	GlobalSection(SolutionProperties) = preSolution
		HideSolutionNode = FALSE
	EndGlobalSection
	GlobalSection(ExtensibilityGlobals) = postSolution
		SolutionGuid = {FCEA1259-6B83-429A-8F21-C507A6F94197}
	EndGlobalSection
EndGlobal
